{
  "version": 4,
  "terraform_version": "1.8.5",
  "serial": 5,
  "lineage": "285ca239-0323-2b24-2ffb-fe3c780f6257",
  "outputs": {},
  "resources": [
    {
      "mode": "managed",
      "type": "google_compute_firewall",
      "name": "jenkins_ports",
      "provider": "provider[\"registry.terraform.io/hashicorp/google\"]",
      "instances": [
        {
          "schema_version": 1,
          "attributes": {
            "allow": [
              {
                "ports": [
                  "8081",
                  "50000"
                ],
                "protocol": "tcp"
              }
            ],
            "creation_timestamp": "2025-12-22T23:35:26.642-08:00",
            "deny": [],
            "description": "Allow inbound TCP traffic for Jenkins on ports 8081 and 50000",
            "destination_ranges": [],
            "direction": "INGRESS",
            "disabled": false,
            "enable_logging": null,
            "id": "projects/anhnd172-mle-k5/global/firewalls/allow-jenkins-ports",
            "log_config": [],
            "name": "allow-jenkins-ports",
            "network": "https://www.googleapis.com/compute/v1/projects/anhnd172-mle-k5/global/networks/default",
            "priority": 1000,
            "project": "anhnd172-mle-k5",
            "self_link": "https://www.googleapis.com/compute/v1/projects/anhnd172-mle-k5/global/firewalls/allow-jenkins-ports",
            "source_ranges": [
              "0.0.0.0/0"
            ],
            "source_service_accounts": null,
            "source_tags": null,
            "target_service_accounts": null,
            "target_tags": [
              "jenkins"
            ],
            "timeouts": null
          },
          "sensitive_attributes": [],
          "private": "eyJlMmJmYjczMC1lY2FhLTExZTYtOGY4OC0zNDM2M2JjN2M0YzAiOnsiY3JlYXRlIjoxMjAwMDAwMDAwMDAwLCJkZWxldGUiOjEyMDAwMDAwMDAwMDAsInVwZGF0ZSI6MTIwMDAwMDAwMDAwMH0sInNjaGVtYV92ZXJzaW9uIjoiMSJ9"
        }
      ]
    },
    {
      "mode": "managed",
      "type": "google_compute_instance",
      "name": "jenkins_mle",
      "provider": "provider[\"registry.terraform.io/hashicorp/google\"]",
      "instances": [
        {
          "schema_version": 6,
          "attributes": {
            "advanced_machine_features": [],
            "allow_stopping_for_update": null,
            "attached_disk": [],
            "boot_disk": [
              {
                "auto_delete": true,
                "device_name": "persistent-disk-0",
                "disk_encryption_key_raw": "",
                "disk_encryption_key_sha256": "",
                "initialize_params": [
                  {
                    "image": "https://www.googleapis.com/compute/v1/projects/ubuntu-os-cloud/global/images/ubuntu-2204-jammy-v20251218",
                    "labels": {},
                    "resource_manager_tags": null,
                    "size": 50,
                    "type": "pd-standard"
                  }
                ],
                "kms_key_self_link": "",
                "mode": "READ_WRITE",
                "source": "https://www.googleapis.com/compute/v1/projects/anhnd172-mle-k5/zones/asia-southeast1-b/disks/jenkins-mle"
              }
            ],
            "can_ip_forward": false,
            "confidential_instance_config": [],
            "cpu_platform": "AMD Rome",
            "current_status": "RUNNING",
            "deletion_protection": false,
            "description": "",
            "desired_status": null,
            "enable_display": false,
            "guest_accelerator": [],
            "hostname": "",
            "id": "projects/anhnd172-mle-k5/zones/asia-southeast1-b/instances/jenkins-mle",
            "instance_id": "1788416082968049837",
            "label_fingerprint": "42WmSpB8rSM=",
            "labels": null,
            "machine_type": "e2-standard-2",
            "metadata": null,
            "metadata_fingerprint": "RbdeF11B9Nk=",
            "metadata_startup_script": null,
            "min_cpu_platform": "",
            "name": "jenkins-mle",
            "network_interface": [
              {
                "access_config": [
                  {
                    "nat_ip": "35.240.143.2",
                    "network_tier": "PREMIUM",
                    "public_ptr_domain_name": ""
                  }
                ],
                "alias_ip_range": [],
                "ipv6_access_config": [],
                "ipv6_access_type": "",
                "name": "nic0",
                "network": "https://www.googleapis.com/compute/v1/projects/anhnd172-mle-k5/global/networks/default",
                "network_ip": "10.148.0.2",
                "nic_type": "",
                "queue_count": 0,
                "stack_type": "IPV4_ONLY",
                "subnetwork": "https://www.googleapis.com/compute/v1/projects/anhnd172-mle-k5/regions/asia-southeast1/subnetworks/default",
                "subnetwork_project": "anhnd172-mle-k5"
              }
            ],
            "network_performance_config": [],
            "params": [],
            "project": "anhnd172-mle-k5",
            "reservation_affinity": [],
            "resource_policies": null,
            "scheduling": [
              {
                "automatic_restart": true,
                "instance_termination_action": "",
                "local_ssd_recovery_timeout": [],
                "min_node_cpus": 0,
                "node_affinities": [],
                "on_host_maintenance": "MIGRATE",
                "preemptible": false,
                "provisioning_model": "STANDARD"
              }
            ],
            "scratch_disk": [],
            "self_link": "https://www.googleapis.com/compute/v1/projects/anhnd172-mle-k5/zones/asia-southeast1-b/instances/jenkins-mle",
            "service_account": [],
            "shielded_instance_config": [
              {
                "enable_integrity_monitoring": true,
                "enable_secure_boot": false,
                "enable_vtpm": true
              }
            ],
            "tags": null,
            "tags_fingerprint": "42WmSpB8rSM=",
            "timeouts": null,
            "zone": "asia-southeast1-b"
          },
          "sensitive_attributes": [
            [
              {
                "type": "get_attr",
                "value": "boot_disk"
              },
              {
                "type": "index",
                "value": {
                  "value": 0,
                  "type": "number"
                }
              },
              {
                "type": "get_attr",
                "value": "disk_encryption_key_raw"
              }
            ]
          ],
          "private": "eyJlMmJmYjczMC1lY2FhLTExZTYtOGY4OC0zNDM2M2JjN2M0YzAiOnsiY3JlYXRlIjoxMjAwMDAwMDAwMDAwLCJkZWxldGUiOjEyMDAwMDAwMDAwMDAsInVwZGF0ZSI6MTIwMDAwMDAwMDAwMH0sInNjaGVtYV92ZXJzaW9uIjoiNiJ9"
        }
      ]
    },
    {
      "mode": "managed",
      "type": "google_container_cluster",
      "name": "primary",
      "provider": "provider[\"registry.terraform.io/hashicorp/google\"]",
      "instances": [
        {
          "schema_version": 1,
          "attributes": {
            "addons_config": [
              {
                "cloudrun_config": [],
                "config_connector_config": [],
                "dns_cache_config": [],
                "gce_persistent_disk_csi_driver_config": [
                  {
                    "enabled": true
                  }
                ],
                "gcp_filestore_csi_driver_config": [],
                "gcs_fuse_csi_driver_config": [],
                "gke_backup_agent_config": [],
                "horizontal_pod_autoscaling": [],
                "http_load_balancing": [],
                "network_policy_config": [
                  {
                    "disabled": true
                  }
                ]
              }
            ],
            "allow_net_admin": null,
            "authenticator_groups_config": [],
            "binary_authorization": [
              {
                "enabled": false,
                "evaluation_mode": ""
              }
            ],
            "cluster_autoscaling": [
              {
                "auto_provisioning_defaults": [],
                "enabled": false,
                "resource_limits": []
              }
            ],
            "cluster_ipv4_cidr": "10.60.0.0/14",
            "confidential_nodes": [],
            "cost_management_config": [],
            "database_encryption": [
              {
                "key_name": "",
                "state": "DECRYPTED"
              }
            ],
            "datapath_provider": "",
            "default_max_pods_per_node": null,
            "default_snat_status": [
              {
                "disabled": false
              }
            ],
            "description": "",
            "dns_config": [],
            "enable_autopilot": false,
            "enable_binary_authorization": false,
            "enable_intranode_visibility": false,
            "enable_k8s_beta_apis": [],
            "enable_kubernetes_alpha": false,
            "enable_l4_ilb_subsetting": false,
            "enable_legacy_abac": false,
            "enable_shielded_nodes": true,
            "enable_tpu": false,
            "endpoint": "34.143.239.123",
            "gateway_api_config": [],
            "id": "projects/anhnd172-mle-k5/locations/asia-southeast1-b/clusters/anhnd172-mle-k5-gke-k5",
            "initial_node_count": 1,
            "ip_allocation_policy": [],
            "label_fingerprint": "a9dc16a7",
            "location": "asia-southeast1-b",
            "logging_config": [
              {
                "enable_components": [
                  "SYSTEM_COMPONENTS",
                  "WORKLOADS"
                ]
              }
            ],
            "logging_service": "logging.googleapis.com/kubernetes",
            "maintenance_policy": [],
            "master_auth": [
              {
                "client_certificate": "",
                "client_certificate_config": [
                  {
                    "issue_client_certificate": false
                  }
                ],
                "client_key": "",
                "cluster_ca_certificate": "LS0tLS1CRUdJTiBDRVJUSUZJQ0FURS0tLS0tCk1JSUVMRENDQXBTZ0F3SUJBZ0lRQ1BMc1J1c2gyNjZqTEVGamF1a29kREFOQmdrcWhraUc5dzBCQVFzRkFEQXYKTVMwd0t3WURWUVFERXlRMU1tUmlOR0kyWkMwM1lUZGpMVFF3WWpndFlUUTJNaTB6TkdJNFpqRm1aRFF3TW1ZdwpJQmNOTWpVeE1qSXpNRFl6TlRNNVdoZ1BNakExTlRFeU1UWXdOek0xTXpsYU1DOHhMVEFyQmdOVkJBTVRKRFV5ClpHSTBZalprTFRkaE4yTXROREJpT0MxaE5EWXlMVE0wWWpobU1XWmtOREF5WmpDQ0FhSXdEUVlKS29aSWh2Y04KQVFFQkJRQURnZ0dQQURDQ0FZb0NnZ0dCQU4xaE5RZVMwTVFxMWtYa25qNkROV2psNjh1RXFGRytXV3VNaHVFZQpRYXlEWWNpQTdqUzQxbGdnKzk5bWd5dVpxaHZZOVh0cmVxWjFTSjlQbDM0QmFyZXFOcmlxY0d0d3FZSUltdkxPCjdOSy9WSXVtU2E3cG1WS2k4QVhwTjN1Y1VnWkxLZ2dSR2VCcXg0amFjMWU2U3RYR1gyWmRxdW1qNFFOTWE0cEwKZGJrLzJ5dy9WZmF3dmlGbkNKa2t1NjIzZU5FcVAzbW1Oaks5dTVaQ1B6R2xzSlFlRmlUVWdXVDBWQVZPbG5KTwoweG5nREhHdzh1NkRIMGwzbGROK2J2ZzdHZCtkLys1cGQ4bWwvRnJ3dmgxUGcyK3I5VlV4UFNXTkJqckRZUy91CjhaZDliUXBXVmNFMFFZVXBTcmIxbkprY1htd3U2UFZpeHQ5UGd5OWJWTGQ1UFprTzJCTTJwd1p6c3pkQkVzY0gKclA2L1hKV3NVTkdIMk1ueEthSmxiSXVkT0szMFU0TWZGZlVrckZMTnNRU3ZHU3VXeWM4YnhDTjY1R0tyZTYyMgpYa1BERHhkT1lUZXo2NlhLSGVrZ1hrUFdtdzcrWHZxZXFTZG9lbXVZRWV6SklYcVNrY0w3b1NZZTFHVlJWaWJ4ClNaVC9XYnBXNExHK056UjZEbnZBMEVSZUJRSURBUUFCbzBJd1FEQU9CZ05WSFE4QkFmOEVCQU1DQWdRd0R3WUQKVlIwVEFRSC9CQVV3QXdFQi96QWRCZ05WSFE0RUZnUVVMK1BYWmZ4VXVOdW12WklJbVMzT0pmclllTzB3RFFZSgpLb1pJaHZjTkFRRUxCUUFEZ2dHQkFLRDNCYlFueGxDeWFYbmZmUy9hTUNOM1FjRzYwcXBXSEU2N0ljcjRoWjAyCkhSZjA5b05pT2s1ZVNWYlBidnpKQ2JQOGw2MEZZUDd4MkMxTzlOY20rZGRDY0VTUXJVVEdpc3FxL1BOQUtrdUYKY08xL2JKakcrcTRiV3hmb0tvVXlEQ3N6aDNOZUJuNG1mNFZGYkVuY3VMVVRJdFRpK2YxNnhkeGs5MU5JSitWTwpweVVyR0owZEtUd0NiUkNJZFZqNGswNEYxZ0pYanZwQWkveXhadkNhb29Db1hSZmVEdzE0V0huMGh1Q3cwQ0dTCnNkUEhqMzY4WWx3WktyYXQ2VFJhZUpQaXpKWGRGcEFZdnVWRVJlazFDNU81WkFwYWd2K3YycFRRcWZNYzEzK00KQXpRbG8yNzhsMERmbHVialU4UWZCN1BqOGxhVHNqc0RQWVY3L0hkanhNK0ltKy9qSlo2cm5jRHFSRWJPaHZDSQpQc3ArSGtjKzRBS2NnL2EzS2VLZ2o5aFQwVllocDhzcFRINU5kSW1VRnZLU040Tnp2MytJTTFjQVRBcjVuTFpCCmNubHZ3K1hTcUw5OWxGZHdNWkx0bFdpU1NET0owSmIvSzZ5MFEwMWNLMUlHVGkwRFdOcmpJdGRVTzQyMmZQNSsKbk5LS0pucEpNbVd3WTFZMzg1OUpLdz09Ci0tLS0tRU5EIENFUlRJRklDQVRFLS0tLS0K"
              }
            ],
            "master_authorized_networks_config": [],
            "master_version": "1.33.5-gke.1308000",
            "mesh_certificates": [],
            "min_master_version": null,
            "monitoring_config": [
              {
                "advanced_datapath_observability_config": [
                  {
                    "enable_metrics": false,
                    "relay_mode": ""
                  }
                ],
                "enable_components": [
                  "SYSTEM_COMPONENTS",
                  "STORAGE",
                  "HPA",
                  "POD",
                  "DAEMONSET",
                  "DEPLOYMENT",
                  "STATEFULSET",
                  "JOBSET",
                  "CADVISOR",
                  "KUBELET",
                  "DCGM"
                ],
                "managed_prometheus": [
                  {
                    "enabled": true
                  }
                ]
              }
            ],
            "monitoring_service": "monitoring.googleapis.com/kubernetes",
            "name": "anhnd172-mle-k5-gke-k5",
            "network": "projects/anhnd172-mle-k5/global/networks/default",
            "network_policy": [
              {
                "enabled": false,
                "provider": "PROVIDER_UNSPECIFIED"
              }
            ],
            "networking_mode": "ROUTES",
            "node_config": [],
            "node_locations": [],
            "node_pool": [],
            "node_pool_defaults": [
              {
                "node_config_defaults": [
                  {
                    "logging_variant": "DEFAULT"
                  }
                ]
              }
            ],
            "node_version": "1.33.5-gke.1308000",
            "notification_config": [
              {
                "pubsub": [
                  {
                    "enabled": false,
                    "filter": [],
                    "topic": ""
                  }
                ]
              }
            ],
            "operation": null,
            "private_cluster_config": [
              {
                "enable_private_endpoint": false,
                "enable_private_nodes": false,
                "master_global_access_config": [
                  {
                    "enabled": false
                  }
                ],
                "master_ipv4_cidr_block": "",
                "peering_name": "",
                "private_endpoint": "10.148.0.3",
                "private_endpoint_subnetwork": "",
                "public_endpoint": "34.143.239.123"
              }
            ],
            "private_ipv6_google_access": "",
            "project": "anhnd172-mle-k5",
            "release_channel": [
              {
                "channel": "REGULAR"
              }
            ],
            "remove_default_node_pool": true,
            "resource_labels": null,
            "resource_usage_export_config": [],
            "security_posture_config": [
              {
                "mode": "BASIC",
                "vulnerability_mode": "VULNERABILITY_MODE_UNSPECIFIED"
              }
            ],
            "self_link": "https://container.googleapis.com/v1/projects/anhnd172-mle-k5/zones/asia-southeast1-b/clusters/anhnd172-mle-k5-gke-k5",
            "service_external_ips_config": [
              {
                "enabled": false
              }
            ],
            "services_ipv4_cidr": "10.63.240.0/20",
            "subnetwork": "projects/anhnd172-mle-k5/regions/asia-southeast1/subnetworks/default",
            "timeouts": null,
            "tpu_ipv4_cidr_block": "",
            "vertical_pod_autoscaling": [],
            "workload_identity_config": []
          },
          "sensitive_attributes": [
            [
              {
                "type": "get_attr",
                "value": "master_auth"
              },
              {
                "type": "index",
                "value": {
                  "value": 0,
                  "type": "number"
                }
              },
              {
                "type": "get_attr",
                "value": "client_key"
              }
            ]
          ],
          "private": "eyJlMmJmYjczMC1lY2FhLTExZTYtOGY4OC0zNDM2M2JjN2M0YzAiOnsiY3JlYXRlIjoyNDAwMDAwMDAwMDAwLCJkZWxldGUiOjI0MDAwMDAwMDAwMDAsInJlYWQiOjI0MDAwMDAwMDAwMDAsInVwZGF0ZSI6MzYwMDAwMDAwMDAwMH0sInNjaGVtYV92ZXJzaW9uIjoiMSJ9"
        }
      ]
    },
    {
      "mode": "managed",
      "type": "google_container_node_pool",
      "name": "primary_nodes",
      "provider": "provider[\"registry.terraform.io/hashicorp/google\"]",
      "instances": [
        {
          "schema_version": 1,
          "attributes": {
            "autoscaling": [
              {
                "location_policy": "BALANCED",
                "max_node_count": 2,
                "min_node_count": 1,
                "total_max_node_count": 0,
                "total_min_node_count": 0
              }
            ],
            "cluster": "anhnd172-mle-k5-gke-k5",
            "id": "projects/anhnd172-mle-k5/locations/asia-southeast1-b/clusters/anhnd172-mle-k5-gke-k5/nodePools/anhnd172-mle-k5-node-pool-1",
            "initial_node_count": 1,
            "instance_group_urls": [
              "https://www.googleapis.com/compute/v1/projects/anhnd172-mle-k5/zones/asia-southeast1-b/instanceGroupManagers/gke-anhnd172-mle-k5--anhnd172-mle-k5--a58ba78e-grp"
            ],
            "location": "asia-southeast1-b",
            "managed_instance_group_urls": [
              "https://www.googleapis.com/compute/v1/projects/anhnd172-mle-k5/zones/asia-southeast1-b/instanceGroups/gke-anhnd172-mle-k5--anhnd172-mle-k5--a58ba78e-grp"
            ],
            "management": [
              {
                "auto_repair": true,
                "auto_upgrade": true
              }
            ],
            "max_pods_per_node": null,
            "name": "anhnd172-mle-k5-node-pool-1",
            "name_prefix": "",
            "network_config": [],
            "node_config": [
              {
                "advanced_machine_features": [],
                "boot_disk_kms_key": "",
                "disk_size_gb": 20,
                "disk_type": "pd-standard",
                "ephemeral_storage_local_ssd_config": [],
                "gcfs_config": [],
                "guest_accelerator": [],
                "gvnic": [],
                "host_maintenance_policy": [],
                "image_type": "COS_CONTAINERD",
                "kubelet_config": [
                  {
                    "cpu_cfs_quota": false,
                    "cpu_cfs_quota_period": "",
                    "cpu_manager_policy": "",
                    "pod_pids_limit": 0
                  }
                ],
                "labels": {},
                "linux_node_config": [],
                "local_nvme_ssd_block_config": [],
                "local_ssd_count": 0,
                "logging_variant": "DEFAULT",
                "machine_type": "e2-small",
                "metadata": {
                  "disable-legacy-endpoints": "true"
                },
                "min_cpu_platform": "",
                "node_group": "",
                "oauth_scopes": [
                  "https://www.googleapis.com/auth/cloud-platform"
                ],
                "preemptible": false,
                "reservation_affinity": [],
                "resource_labels": {
                  "goog-gke-node-pool-provisioning-model": "on-demand"
                },
                "service_account": "default",
                "shielded_instance_config": [
                  {
                    "enable_integrity_monitoring": true,
                    "enable_secure_boot": false
                  }
                ],
                "sole_tenant_config": [],
                "spot": false,
                "tags": null,
                "taint": [],
                "workload_metadata_config": []
              }
            ],
            "node_count": 1,
            "node_locations": [
              "asia-southeast1-b"
            ],
            "operation": null,
            "placement_policy": [],
            "project": "anhnd172-mle-k5",
            "timeouts": null,
            "upgrade_settings": [
              {
                "blue_green_settings": [],
                "max_surge": 1,
                "max_unavailable": 0,
                "strategy": "SURGE"
              }
            ],
            "version": "1.33.5-gke.1308000"
          },
          "sensitive_attributes": [],
          "private": "eyJlMmJmYjczMC1lY2FhLTExZTYtOGY4OC0zNDM2M2JjN2M0YzAiOnsiY3JlYXRlIjoxODAwMDAwMDAwMDAwLCJkZWxldGUiOjE4MDAwMDAwMDAwMDAsInVwZGF0ZSI6MTgwMDAwMDAwMDAwMH0sInNjaGVtYV92ZXJzaW9uIjoiMSJ9",
          "dependencies": [
            "google_container_cluster.primary"
          ]
        }
      ]
    }
  ],
  "check_results": null
}
